
Microsoft Visual Studio Solution File, Format Version 12.00
# Visual Studio Version 16
VisualStudioVersion = 16.0.29613.14
MinimumVisualStudioVersion = 10.0.40219.1
Project("{9A19103F-16F7-4668-BE54-9A1E7A4F7556}") = "HealthIR", "HealthIR\HealthIR.csproj", "{32CDD3CC-F963-4012-9426-49091788AA74}"
EndProject
Project("{9A19103F-16F7-4668-BE54-9A1E7A4F7556}") = "Benton.EF", "Benton.EF\Benton.EF.csproj", "{6CD65662-BA22-40C9-8215-410142E0A6D3}"
EndProject
Project("{9A19103F-16F7-4668-BE54-9A1E7A4F7556}") = "Benton.Core", "Benton.Core\Benton.Core.csproj", "{946A33F5-B0EA-4CDF-822B-2A065FF01510}"
EndProject
Project("{9A19103F-16F7-4668-BE54-9A1E7A4F7556}") = "HealthIR-Test", "HealthIR-Test\HealthIR-Test.csproj", "{A175ECF6-EBC8-4CBF-B8CD-4CD7C0F71D52}"
EndProject
Global
	GlobalSection(SolutionConfigurationPlatforms) = preSolution
		Debug|Any CPU = Debug|Any CPU
		Release|Any CPU = Release|Any CPU
		Staging|Any CPU = Staging|Any CPU
		Testin|Any CPU = Testin|Any CPU
	EndGlobalSection
	GlobalSection(ProjectConfigurationPlatforms) = postSolution
		{32CDD3CC-F963-4012-9426-49091788AA74}.Debug|Any CPU.ActiveCfg = Debug|Any CPU
		{32CDD3CC-F963-4012-9426-49091788AA74}.Debug|Any CPU.Build.0 = Debug|Any CPU
		{32CDD3CC-F963-4012-9426-49091788AA74}.Release|Any CPU.ActiveCfg = Release|Any CPU
		{32CDD3CC-F963-4012-9426-49091788AA74}.Release|Any CPU.Build.0 = Release|Any CPU
		{32CDD3CC-F963-4012-9426-49091788AA74}.Staging|Any CPU.ActiveCfg = Staging|Any CPU
		{32CDD3CC-F963-4012-9426-49091788AA74}.Staging|Any CPU.Build.0 = Staging|Any CPU
		{32CDD3CC-F963-4012-9426-49091788AA74}.Testin|Any CPU.ActiveCfg = Testing|Any CPU
		{32CDD3CC-F963-4012-9426-49091788AA74}.Testin|Any CPU.Build.0 = Testing|Any CPU
		{6CD65662-BA22-40C9-8215-410142E0A6D3}.Debug|Any CPU.ActiveCfg = Debug|Any CPU
		{6CD65662-BA22-40C9-8215-410142E0A6D3}.Debug|Any CPU.Build.0 = Debug|Any CPU
		{6CD65662-BA22-40C9-8215-410142E0A6D3}.Release|Any CPU.ActiveCfg = Release|Any CPU
		{6CD65662-BA22-40C9-8215-410142E0A6D3}.Release|Any CPU.Build.0 = Release|Any CPU
		{6CD65662-BA22-40C9-8215-410142E0A6D3}.Staging|Any CPU.ActiveCfg = Staging|Any CPU
		{6CD65662-BA22-40C9-8215-410142E0A6D3}.Staging|Any CPU.Build.0 = Staging|Any CPU
		{6CD65662-BA22-40C9-8215-410142E0A6D3}.Testin|Any CPU.ActiveCfg = Testing|Any CPU
		{6CD65662-BA22-40C9-8215-410142E0A6D3}.Testin|Any CPU.Build.0 = Testing|Any CPU
		{946A33F5-B0EA-4CDF-822B-2A065FF01510}.Debug|Any CPU.ActiveCfg = Debug|Any CPU
		{946A33F5-B0EA-4CDF-822B-2A065FF01510}.Debug|Any CPU.Build.0 = Debug|Any CPU
		{946A33F5-B0EA-4CDF-822B-2A065FF01510}.Release|Any CPU.ActiveCfg = Release|Any CPU
		{946A33F5-B0EA-4CDF-822B-2A065FF01510}.Release|Any CPU.Build.0 = Release|Any CPU
		{946A33F5-B0EA-4CDF-822B-2A065FF01510}.Staging|Any CPU.ActiveCfg = Staging|Any CPU
		{946A33F5-B0EA-4CDF-822B-2A065FF01510}.Staging|Any CPU.Build.0 = Staging|Any CPU
		{946A33F5-B0EA-4CDF-822B-2A065FF01510}.Testin|Any CPU.ActiveCfg = Testin|Any CPU
		{946A33F5-B0EA-4CDF-822B-2A065FF01510}.Testin|Any CPU.Build.0 = Testin|Any CPU
		{A175ECF6-EBC8-4CBF-B8CD-4CD7C0F71D52}.Debug|Any CPU.ActiveCfg = Debug|Any CPU
		{A175ECF6-EBC8-4CBF-B8CD-4CD7C0F71D52}.Debug|Any CPU.Build.0 = Debug|Any CPU
		{A175ECF6-EBC8-4CBF-B8CD-4CD7C0F71D52}.Release|Any CPU.ActiveCfg = Release|Any CPU
		{A175ECF6-EBC8-4CBF-B8CD-4CD7C0F71D52}.Release|Any CPU.Build.0 = Release|Any CPU
		{A175ECF6-EBC8-4CBF-B8CD-4CD7C0F71D52}.Staging|Any CPU.ActiveCfg = Debug|Any CPU
		{A175ECF6-EBC8-4CBF-B8CD-4CD7C0F71D52}.Staging|Any CPU.Build.0 = Debug|Any CPU
		{A175ECF6-EBC8-4CBF-B8CD-4CD7C0F71D52}.Testin|Any CPU.ActiveCfg = Debug|Any CPU
		{A175ECF6-EBC8-4CBF-B8CD-4CD7C0F71D52}.Testin|Any CPU.Build.0 = Debug|Any CPU
	EndGlobalSection
	GlobalSection(SolutionProperties) = preSolution
		HideSolutionNode = FALSE
	EndGlobalSection
	GlobalSection(ExtensibilityGlobals) = postSolution
		SolutionGuid = {DA16142C-E58C-4EE6-B0E8-D403253A4FBB}
	EndGlobalSection
EndGlobal
